
Microsoft Visual Studio Solution File, Format Version 12.00
# Visual Studio Version 16
VisualStudioVersion = 16.0.30907.101
MinimumVisualStudioVersion = 10.0.40219.1
Project("{9A19103F-16F7-4668-BE54-9A1E7A4F7556}") = "Masivian.Roulette.API", "Masivian.Roulette.API\Masivian.Roulette.API.csproj", "{31672F7B-52BC-4B9E-B53D-04F9D17C3FA4}"
EndProject
Project("{9A19103F-16F7-4668-BE54-9A1E7A4F7556}") = "Masivian.Roulette.DTO", "Masivian.Roulette.DTO\Masivian.Roulette.DTO.csproj", "{82D26462-F954-4E25-A8A9-4740C997FE2F}"
EndProject
Project("{9A19103F-16F7-4668-BE54-9A1E7A4F7556}") = "Masivian.Roulette.Interface", "Masivian.Roulette.Interface\Masivian.Roulette.Interface.csproj", "{4372683F-E3E3-479A-B4B6-1D8AC57E372A}"
EndProject
Project("{9A19103F-16F7-4668-BE54-9A1E7A4F7556}") = "Masivian.Roulette.Infraestructure", "Masivian.Roulette.Infraestructure\Masivian.Roulette.Infraestructure.csproj", "{85FC783C-79D7-45B1-BE70-CD78D3DEADCD}"
EndProject
Project("{FAE04EC0-301F-11D3-BF4B-00C04F79EFBC}") = "Masivian.Roulette.Domain", "Masivian.Roulette.Domain\Masivian.Roulette.Domain.csproj", "{EE5D320C-A09E-4CF1-BB5F-1225849933EC}"
EndProject
Project("{FAE04EC0-301F-11D3-BF4B-00C04F79EFBC}") = "Masivian.Roulette.Service", "Masivian.Roulette.Service\Masivian.Roulette.Service.csproj", "{D6BE0A49-4B01-4A22-9725-3A65C7987068}"
EndProject
Global
	GlobalSection(SolutionConfigurationPlatforms) = preSolution
		Debug|Any CPU = Debug|Any CPU
		Release|Any CPU = Release|Any CPU
	EndGlobalSection
	GlobalSection(ProjectConfigurationPlatforms) = postSolution
		{31672F7B-52BC-4B9E-B53D-04F9D17C3FA4}.Debug|Any CPU.ActiveCfg = Debug|Any CPU
		{31672F7B-52BC-4B9E-B53D-04F9D17C3FA4}.Debug|Any CPU.Build.0 = Debug|Any CPU
		{31672F7B-52BC-4B9E-B53D-04F9D17C3FA4}.Release|Any CPU.ActiveCfg = Release|Any CPU
		{31672F7B-52BC-4B9E-B53D-04F9D17C3FA4}.Release|Any CPU.Build.0 = Release|Any CPU
		{82D26462-F954-4E25-A8A9-4740C997FE2F}.Debug|Any CPU.ActiveCfg = Debug|Any CPU
		{82D26462-F954-4E25-A8A9-4740C997FE2F}.Debug|Any CPU.Build.0 = Debug|Any CPU
		{82D26462-F954-4E25-A8A9-4740C997FE2F}.Release|Any CPU.ActiveCfg = Release|Any CPU
		{82D26462-F954-4E25-A8A9-4740C997FE2F}.Release|Any CPU.Build.0 = Release|Any CPU
		{4372683F-E3E3-479A-B4B6-1D8AC57E372A}.Debug|Any CPU.ActiveCfg = Debug|Any CPU
		{4372683F-E3E3-479A-B4B6-1D8AC57E372A}.Debug|Any CPU.Build.0 = Debug|Any CPU
		{4372683F-E3E3-479A-B4B6-1D8AC57E372A}.Release|Any CPU.ActiveCfg = Release|Any CPU
		{4372683F-E3E3-479A-B4B6-1D8AC57E372A}.Release|Any CPU.Build.0 = Release|Any CPU
		{85FC783C-79D7-45B1-BE70-CD78D3DEADCD}.Debug|Any CPU.ActiveCfg = Debug|Any CPU
		{85FC783C-79D7-45B1-BE70-CD78D3DEADCD}.Debug|Any CPU.Build.0 = Debug|Any CPU
		{85FC783C-79D7-45B1-BE70-CD78D3DEADCD}.Release|Any CPU.ActiveCfg = Release|Any CPU
		{85FC783C-79D7-45B1-BE70-CD78D3DEADCD}.Release|Any CPU.Build.0 = Release|Any CPU
		{EE5D320C-A09E-4CF1-BB5F-1225849933EC}.Debug|Any CPU.ActiveCfg = Debug|Any CPU
		{EE5D320C-A09E-4CF1-BB5F-1225849933EC}.Debug|Any CPU.Build.0 = Debug|Any CPU
		{EE5D320C-A09E-4CF1-BB5F-1225849933EC}.Release|Any CPU.ActiveCfg = Release|Any CPU
		{EE5D320C-A09E-4CF1-BB5F-1225849933EC}.Release|Any CPU.Build.0 = Release|Any CPU
		{D6BE0A49-4B01-4A22-9725-3A65C7987068}.Debug|Any CPU.ActiveCfg = Debug|Any CPU
		{D6BE0A49-4B01-4A22-9725-3A65C7987068}.Debug|Any CPU.Build.0 = Debug|Any CPU
		{D6BE0A49-4B01-4A22-9725-3A65C7987068}.Release|Any CPU.ActiveCfg = Release|Any CPU
		{D6BE0A49-4B01-4A22-9725-3A65C7987068}.Release|Any CPU.Build.0 = Release|Any CPU
	EndGlobalSection
	GlobalSection(SolutionProperties) = preSolution
		HideSolutionNode = FALSE
	EndGlobalSection
	GlobalSection(ExtensibilityGlobals) = postSolution
		SolutionGuid = {12E42F2E-D298-4EEC-AA99-910E4CFACDAC}
	EndGlobalSection
EndGlobal
